# THIS IS AN AUTOGENERATED FILE. DO NOT EDIT THIS FILE DIRECTLY.
# yarn lockfile v1


bootstrap@4.0.0-beta.3:
  version "4.0.0-beta.3"
  resolved "https://registry.yarnpkg.com/bootstrap/-/bootstrap-4.0.0-beta.3.tgz#60f0660bc3d121176514b361f6f83201c7ff8874"

font-awesome@^4.7.0:
  version "4.7.0"
  resolved "https://registry.yarnpkg.com/font-awesome/-/font-awesome-4.7.0.tgz#8fa8cf0411a1a31afd07b06d2902bb9fc815a133"

install@^0.10.2:
  version "0.10.2"
  resolved "https://registry.yarnpkg.com/install/-/install-0.10.2.tgz#f1f71902797e5a900069fb9ab80c94055025ffdc"

jquery@^3.2.1:
  version "3.2.1"
  resolved "https://registry.yarnpkg.com/jquery/-/jquery-3.2.1.tgz#5c4d9de652af6cd0a770154a631bba12b015c787"

simple-line-icons@^2.4.1:
  version "2.4.1"
  resolved "https://registry.yarnpkg.com/simple-line-icons/-/simple-line-icons-2.4.1.tgz#b75bc5a0d87e530928c2ccda5735274bb256f234"
